// !$*UTF8*$!
{
	archiveVersion = 1;
	classes = {
	};
	objectVersion = 46;
	objects = {

/* Begin PBXFileReference section */
		BA1444711AEA4DE40007399C /* AppDB.h */ = {isa = PBXFileReference; lastKnownFileType = sourcecode.c.h; name = AppDB.h; path = ../myhttpeek/AppDB.h; sourceTree = "<group>"; };
		BA1444721AEA4DE40007399C /* AppDB.m */ = {isa = PBXFileReference; lastKnownFileType = sourcecode.c.objc; name = AppDB.m; path = ../myhttpeek/AppDB.m; sourceTree = "<group>"; };
		BA1444731AEA4DE40007399C /* Makefile */ = {isa = PBXFileReference; lastKnownFileType = sourcecode.make; name = Makefile; path = ../myhttpeek/Makefile; sourceTree = "<group>"; };
		BA8F69E01AF0AFDF008FD7A1 /* GTMNSString+HTML.h */ = {isa = PBXFileReference; lastKnownFileType = sourcecode.c.h; name = "GTMNSString+HTML.h"; path = "../myhttpeek/GTMNSString+HTML.h"; sourceTree = "<group>"; };
		BA8F69E11AF0AFDF008FD7A1 /* GTMNSString+HTML.m */ = {isa = PBXFileReference; lastKnownFileType = sourcecode.c.objc; name = "GTMNSString+HTML.m"; path = "../myhttpeek/GTMNSString+HTML.m"; sourceTree = "<group>"; };
		BA8F69E21AF0AFDF008FD7A1 /* NSString+HTML.h */ = {isa = PBXFileReference; lastKnownFileType = sourcecode.c.h; name = "NSString+HTML.h"; path = "../myhttpeek/NSString+HTML.h"; sourceTree = "<group>"; };
		BA8F69E31AF0AFDF008FD7A1 /* NSString+HTML.m */ = {isa = PBXFileReference; lastKnownFileType = sourcecode.c.objc; name = "NSString+HTML.m"; path = "../myhttpeek/NSString+HTML.m"; sourceTree = "<group>"; };
		BAD89B871AEFBBC00098F59F /* MyAdditions.h */ = {isa = PBXFileReference; lastKnownFileType = sourcecode.c.h; name = MyAdditions.h; path = ../myhttpeek/MyAdditions.h; sourceTree = "<group>"; };
		BAD89B881AEFBBC00098F59F /* MyAdditions.m */ = {isa = PBXFileReference; lastKnownFileType = sourcecode.c.objc; name = MyAdditions.m; path = ../myhttpeek/MyAdditions.m; sourceTree = "<group>"; };
		BAF0F27E1AE91F31004403E7 /* main.m */ = {isa = PBXFileReference; lastKnownFileType = sourcecode.c.objc; name = main.m; path = ../myhttpeek/main.m; sourceTree = "<group>"; };
		BAF0F27F1AE91F31004403E7 /* myHttpeekApplication.mm */ = {isa = PBXFileReference; lastKnownFileType = sourcecode.cpp.objcpp; name = myHttpeekApplication.mm; path = ../myhttpeek/myHttpeekApplication.mm; sourceTree = "<group>"; };
		BAF0F2801AE91F31004403E7 /* RootViewController.h */ = {isa = PBXFileReference; lastKnownFileType = sourcecode.c.h; name = RootViewController.h; path = ../myhttpeek/RootViewController.h; sourceTree = "<group>"; };
		BAF0F2811AE91F31004403E7 /* RootViewController.mm */ = {isa = PBXFileReference; lastKnownFileType = sourcecode.cpp.objcpp; name = RootViewController.mm; path = ../myhttpeek/RootViewController.mm; sourceTree = "<group>"; };
/* End PBXFileReference section */

/* Begin PBXGroup section */
		BAF0F2731AE91EF6004403E7 = {
			isa = PBXGroup;
			children = (
				BA8F69E01AF0AFDF008FD7A1 /* GTMNSString+HTML.h */,
				BA8F69E11AF0AFDF008FD7A1 /* GTMNSString+HTML.m */,
				BA8F69E21AF0AFDF008FD7A1 /* NSString+HTML.h */,
				BA8F69E31AF0AFDF008FD7A1 /* NSString+HTML.m */,
				BAD89B871AEFBBC00098F59F /* MyAdditions.h */,
				BAD89B881AEFBBC00098F59F /* MyAdditions.m */,
				BA1444711AEA4DE40007399C /* AppDB.h */,
				BA1444721AEA4DE40007399C /* AppDB.m */,
				BA1444731AEA4DE40007399C /* Makefile */,
				BAF0F27E1AE91F31004403E7 /* main.m */,
				BAF0F27F1AE91F31004403E7 /* myHttpeekApplication.mm */,
				BAF0F2811AE91F31004403E7 /* RootViewController.mm */,
				BAF0F2801AE91F31004403E7 /* RootViewController.h */,
			);
			sourceTree = "<group>";
		};
/* End PBXGroup section */

/* Begin PBXProject section */
		BAF0F2741AE91EF6004403E7 /* Project object */ = {
			isa = PBXProject;
			attributes = {
				LastUpgradeCheck = 0630;
			};
			buildConfigurationList = BAF0F2771AE91EF6004403E7 /* Build configuration list for PBXProject "httpeek" */;
			compatibilityVersion = "Xcode 3.2";
			developmentRegion = English;
			hasScannedForEncodings = 0;
			knownRegions = (
				en,
			);
			mainGroup = BAF0F2731AE91EF6004403E7;
			projectDirPath = "";
			projectRoot = "";
			targets = (
			);
		};
/* End PBXProject section */

/* Begin XCBuildConfiguration section */
		BAF0F2781AE91EF6004403E7 /* Debug */ = {
			isa = XCBuildConfiguration;
			buildSettings = {
			};
			name = Debug;
		};
		BAF0F2791AE91EF6004403E7 /* Release */ = {
			isa = XCBuildConfiguration;
			buildSettings = {
			};
			name = Release;
		};
/* End XCBuildConfiguration section */

/* Begin XCConfigurationList section */
		BAF0F2771AE91EF6004403E7 /* Build configuration list for PBXProject "httpeek" */ = {
			isa = XCConfigurationList;
			buildConfigurations = (
				BAF0F2781AE91EF6004403E7 /* Debug */,
				BAF0F2791AE91EF6004403E7 /* Release */,
			);
			defaultConfigurationIsVisible = 0;
			defaultConfigurationName = Release;
		};
/* End XCConfigurationList section */
	};
	rootObject = BAF0F2741AE91EF6004403E7 /* Project object */;
}
